#
# This file is autogenerated by pip-compile with Python 3.10
# by the following command:
#
#    pip-compile --cert=None --client-cert=None --index-url=None --output-file=cloud/ingest/requirements.lock --pip-args=None --strip-extras cloud/ingest/requirements.txt
#
aiomqtt==2.5.1
    # via -r cloud/ingest/requirements.txt
async-timeout==5.0.1
    # via asyncpg
asyncpg==0.31.0
    # via -r cloud/ingest/requirements.txt
paho-mqtt==2.1.0
    # via aiomqtt
prometheus-client==0.22.1
    # via -r cloud/ingest/requirements.txt
protobuf==7.35.1
    # via -r cloud/ingest/requirements.txt
typing-extensions==4.16.0
    # via aiomqtt
